lockfileVersion: 5.4

importers:

  packages/cloudform:
    specifiers:
      '@types/aws4': ^1.11.2
      aws4: ^1.11.0
      cloudform-types: ^7.3.0
      recrawl-sync: ^2.2.1
      saus: '*'
      type-fest: ^2.13.0
    dependencies:
      aws4: 1.11.0
      cloudform-types: 7.3.0
      type-fest: 2.13.0
    devDependencies:
      '@types/aws4': 1.11.2
      recrawl-sync: 2.2.1
      saus: link:../..

packages:

  /@cush/relative/1.0.0:
    resolution: {integrity: sha512-RpfLEtTlyIxeNPGKcokS+p3BZII/Q3bYxryFRglh5H3A3T8q9fsLYm72VYAMEOOIBLEa8o93kFLiBDUWKrwXZA==}
    dev: true

  /@types/aws4/1.11.2:
    resolution: {integrity: sha512-x0f96eBPrCCJzJxdPbUvDFRva4yPpINJzTuXXpmS2j9qLUpF2nyGzvXPlRziuGbCsPukwY4JfuO+8xwsoZLzGw==}
    dependencies:
      '@types/node': 17.0.42
    dev: true

  /@types/node/17.0.42:
    resolution: {integrity: sha512-Q5BPGyGKcvQgAMbsr7qEGN/kIPN6zZecYYABeTDBizOsau+2NMdSVTar9UQw21A2+JyA2KRNDYaYrPB0Rpk2oQ==}
    dev: true

  /aws4/1.11.0:
    resolution: {integrity: sha512-xh1Rl34h6Fi1DC2WWKfxUTVqRsNnr6LsKz2+hfwDxQJWmrx8+c7ylaqBMcHfl1U1r2dsifOvKX3LQuLNZ+XSvA==}
    dev: false

  /cloudform-types/7.3.0:
    resolution: {integrity: sha512-DovkhcKCqewvuduVGK9/KKVD9AYS9nCE7izmBgM1qvqaNgwhCkSLkz7UCyaEpi5aGgCE+YNs/qkZIz2CPx6aMQ==}
    dev: false

  /glob-regex/0.3.2:
    resolution: {integrity: sha512-m5blUd3/OqDTWwzBBtWBPrGlAzatRywHameHeekAZyZrskYouOGdNB8T/q6JucucvJXtOuyHIn0/Yia7iDasDw==}
    dev: true

  /recrawl-sync/2.2.1:
    resolution: {integrity: sha512-A2yLDgeXNaduJJMlqyUdIN7fewopnNm/mVeeGytS1d2HLXKpS5EthQ0j8tWeX+as9UXiiwQRwfoslKC+/gjqxg==}
    dependencies:
      '@cush/relative': 1.0.0
      glob-regex: 0.3.2
      slash: 3.0.0
      tslib: 1.14.1
    dev: true

  /slash/3.0.0:
    resolution: {integrity: sha512-g9Q1haeby36OSStwb4ntCGGGaKsaVSjQ68fBxoQcutl5fS1vuY18H3wSt3jFyFtrkx+Kz0V1G85A4MyAdDMi2Q==}
    engines: {node: '>=8'}
    dev: true

  /tslib/1.14.1:
    resolution: {integrity: sha512-Xni35NKzjgMrwevysHTCArtLDpPvye8zV/0E4EyYn43P7/7qvQwPh9BGkHewbMulVntbigmcT7rdX3BNo9wRJg==}
    dev: true

  /type-fest/2.13.0:
    resolution: {integrity: sha512-lPfAm42MxE4/456+QyIaaVBAwgpJb6xZ8PRu09utnhPdWwcyj9vgy6Sq0Z5yNbJ21EdxB5dRU/Qg8bsyAMtlcw==}
    engines: {node: '>=12.20'}
    dev: false
